
Microsoft Visual Studio Solution File, Format Version 12.00
# Visual Studio 15
VisualStudioVersion = 15.0.34112.143
MinimumVisualStudioVersion = 10.0.40219.1
Project("{8BC9CEB8-8B4A-11D0-8D11-00A0C91BC942}") = "broadcast", "broadcast\broadcast.vcxproj", "{F78A4CAC-892C-4064-9559-4C38B330689A}"
EndProject
Global
	GlobalSection(SolutionConfigurationPlatforms) = preSolution
		Debug|x64 = Debug|x64
		Debug|x86 = Debug|x86
		Release|x64 = Release|x64
		Release|x86 = Release|x86
	EndGlobalSection
	GlobalSection(ProjectConfigurationPlatforms) = postSolution
		{F78A4CAC-892C-4064-9559-4C38B330689A}.Debug|x64.ActiveCfg = Debug|x64
		{F78A4CAC-892C-4064-9559-4C38B330689A}.Debug|x64.Build.0 = Debug|x64
		{F78A4CAC-892C-4064-9559-4C38B330689A}.Debug|x86.ActiveCfg = Debug|Win32
		{F78A4CAC-892C-4064-9559-4C38B330689A}.Debug|x86.Build.0 = Debug|Win32
		{F78A4CAC-892C-4064-9559-4C38B330689A}.Release|x64.ActiveCfg = Release|x64
		{F78A4CAC-892C-4064-9559-4C38B330689A}.Release|x64.Build.0 = Release|x64
		{F78A4CAC-892C-4064-9559-4C38B330689A}.Release|x86.ActiveCfg = Release|Win32
		{F78A4CAC-892C-4064-9559-4C38B330689A}.Release|x86.Build.0 = Release|Win32
	EndGlobalSection
	GlobalSection(SolutionProperties) = preSolution
		HideSolutionNode = FALSE
	EndGlobalSection
	GlobalSection(ExtensibilityGlobals) = postSolution
		SolutionGuid = {34C3614F-900B-4C3B-B6F5-3D56FCBCA0CB}
	EndGlobalSection
EndGlobal
